
Microsoft Visual Studio Solution File, Format Version 12.00
# Visual Studio Version 16
VisualStudioVersion = 16.0.30804.86
MinimumVisualStudioVersion = 10.0.40219.1
Project("{FAE04EC0-301F-11D3-BF4B-00C04F79EFBC}") = "ATM", "ATM\ATM.csproj", "{8DE7C5DD-4495-416C-B2C3-ACCEFB4D9C60}"
EndProject
Global
	GlobalSection(SolutionConfigurationPlatforms) = preSolution
		Debug|Any CPU = Debug|Any CPU
		Release|Any CPU = Release|Any CPU
	EndGlobalSection
	GlobalSection(ProjectConfigurationPlatforms) = postSolution
		{8DE7C5DD-4495-416C-B2C3-ACCEFB4D9C60}.Debug|Any CPU.ActiveCfg = Debug|Any CPU
		{8DE7C5DD-4495-416C-B2C3-ACCEFB4D9C60}.Debug|Any CPU.Build.0 = Debug|Any CPU
		{8DE7C5DD-4495-416C-B2C3-ACCEFB4D9C60}.Release|Any CPU.ActiveCfg = Release|Any CPU
		{8DE7C5DD-4495-416C-B2C3-ACCEFB4D9C60}.Release|Any CPU.Build.0 = Release|Any CPU
	EndGlobalSection
	GlobalSection(SolutionProperties) = preSolution
		HideSolutionNode = FALSE
	EndGlobalSection
	GlobalSection(ExtensibilityGlobals) = postSolution
		SolutionGuid = {B1251261-A383-43A0-B14A-E1E9B32BB1D1}
	EndGlobalSection
EndGlobal
